
Microsoft Visual Studio Solution File, Format Version 12.00
# Visual Studio 2012
Project("{2150E333-8FDC-42A3-9474-1A3956D46DE8}") = ".nuget", ".nuget", "{9483764C-4AD6-4A16-9ABA-6FE2DB90F5BD}"
	ProjectSection(SolutionItems) = preProject
		.nuget\NuGet.Config = .nuget\NuGet.Config
		.nuget\NuGet.exe = .nuget\NuGet.exe
		.nuget\NuGet.targets = .nuget\NuGet.targets
	EndProjectSection
EndProject
Project("{FAE04EC0-301F-11D3-BF4B-00C04F79EFBC}") = "Common", "Common\Common.csproj", "{5E446E61-8452-433B-AB59-7A822C0A2F9C}"
EndProject
Project("{FAE04EC0-301F-11D3-BF4B-00C04F79EFBC}") = "WebHost", "WebHost\WebHost.csproj", "{198C2AEA-DF4F-4F6E-8C40-CC09EADF9B8F}"
EndProject
Project("{FAE04EC0-301F-11D3-BF4B-00C04F79EFBC}") = "Thinktecture.IdentityModel.45", "..\..\IdentityModel\Thinktecture.IdentityModel\Thinktecture.IdentityModel.45.csproj", "{AC9A74DF-4AAB-43C8-B0ED-B7602721E545}"
EndProject
Project("{2150E333-8FDC-42A3-9474-1A3956D46DE8}") = "External", "External", "{8E0D18CA-76E9-47A1-8F7E-16670381010D}"
EndProject
Project("{2150E333-8FDC-42A3-9474-1A3956D46DE8}") = "Clients", "Clients", "{1516840A-5B1A-4A26-BB73-6572A9AF4C82}"
EndProject
Project("{FAE04EC0-301F-11D3-BF4B-00C04F79EFBC}") = "Basic Authentication", "Clients\Basic Authentication\Basic Authentication.csproj", "{9A1D2998-99AA-44CC-AFE6-4E784B641E6B}"
EndProject
Project("{FAE04EC0-301F-11D3-BF4B-00C04F79EFBC}") = "OAuth2 Resource Owner Password Flow", "Clients\OAuth2ResourceOwnerPasswordFlow\OAuth2 Resource Owner Password Flow.csproj", "{ED29CA6E-9F3C-4F52-BDB9-71CF6897BEC9}"
EndProject
Project("{FAE04EC0-301F-11D3-BF4B-00C04F79EFBC}") = "SAML Authentication", "Clients\SamlAuthentication\SAML Authentication.csproj", "{0BE22C84-1FCE-4DB6-8049-8F8CC768BD56}"
EndProject
Project("{FAE04EC0-301F-11D3-BF4B-00C04F79EFBC}") = "PortableCommon", "PortableCommon\PortableCommon.csproj", "{2CB6C663-7E1A-4F29-ACD4-ACA95C60F0FB}"
EndProject
Project("{FAE04EC0-301F-11D3-BF4B-00C04F79EFBC}") = "SAML to JWT Conversion using ACS", "Clients\SamlJwtConversionUsingAcs\SAML to JWT Conversion using ACS.csproj", "{F8EB2760-E31D-443B-8BBF-796184DA4104}"
EndProject
Project("{FAE04EC0-301F-11D3-BF4B-00C04F79EFBC}") = "WPF WebView with AAL and ACS", "Clients\WpfWebViewWithAalAcs\WPF WebView with AAL and ACS.csproj", "{14B82805-5E79-4D5F-BB03-CB2879F3297D}"
EndProject
Project("{FAE04EC0-301F-11D3-BF4B-00C04F79EFBC}") = "Session Token", "Clients\SessionToken\Session Token.csproj", "{C2D3D2A3-F1F0-4357-AAF5-641A58509D5B}"
EndProject
Project("{FAE04EC0-301F-11D3-BF4B-00C04F79EFBC}") = "OAuth2 Code Flow", "Clients\OAuth2CodeFlow\OAuth2 Code Flow.csproj", "{A3D6AE27-9630-4482-AD4A-5A14ADE69D8C}"
EndProject
Global
	GlobalSection(SolutionConfigurationPlatforms) = preSolution
		Analysis (Debug)|Any CPU = Analysis (Debug)|Any CPU
		Debug and Contracts|Any CPU = Debug and Contracts|Any CPU
		Debug|Any CPU = Debug|Any CPU
		Release|Any CPU = Release|Any CPU
	EndGlobalSection
	GlobalSection(ProjectConfigurationPlatforms) = postSolution
		{5E446E61-8452-433B-AB59-7A822C0A2F9C}.Analysis (Debug)|Any CPU.ActiveCfg = Debug|Any CPU
		{5E446E61-8452-433B-AB59-7A822C0A2F9C}.Analysis (Debug)|Any CPU.Build.0 = Debug|Any CPU
		{5E446E61-8452-433B-AB59-7A822C0A2F9C}.Debug and Contracts|Any CPU.ActiveCfg = Debug|Any CPU
		{5E446E61-8452-433B-AB59-7A822C0A2F9C}.Debug and Contracts|Any CPU.Build.0 = Debug|Any CPU
		{5E446E61-8452-433B-AB59-7A822C0A2F9C}.Debug|Any CPU.ActiveCfg = Debug|Any CPU
		{5E446E61-8452-433B-AB59-7A822C0A2F9C}.Debug|Any CPU.Build.0 = Debug|Any CPU
		{5E446E61-8452-433B-AB59-7A822C0A2F9C}.Release|Any CPU.ActiveCfg = Release|Any CPU
		{5E446E61-8452-433B-AB59-7A822C0A2F9C}.Release|Any CPU.Build.0 = Release|Any CPU
		{198C2AEA-DF4F-4F6E-8C40-CC09EADF9B8F}.Analysis (Debug)|Any CPU.ActiveCfg = Debug|Any CPU
		{198C2AEA-DF4F-4F6E-8C40-CC09EADF9B8F}.Analysis (Debug)|Any CPU.Build.0 = Debug|Any CPU
		{198C2AEA-DF4F-4F6E-8C40-CC09EADF9B8F}.Debug and Contracts|Any CPU.ActiveCfg = Debug|Any CPU
		{198C2AEA-DF4F-4F6E-8C40-CC09EADF9B8F}.Debug and Contracts|Any CPU.Build.0 = Debug|Any CPU
		{198C2AEA-DF4F-4F6E-8C40-CC09EADF9B8F}.Debug|Any CPU.ActiveCfg = Debug|Any CPU
		{198C2AEA-DF4F-4F6E-8C40-CC09EADF9B8F}.Debug|Any CPU.Build.0 = Debug|Any CPU
		{198C2AEA-DF4F-4F6E-8C40-CC09EADF9B8F}.Release|Any CPU.ActiveCfg = Release|Any CPU
		{198C2AEA-DF4F-4F6E-8C40-CC09EADF9B8F}.Release|Any CPU.Build.0 = Release|Any CPU
		{AC9A74DF-4AAB-43C8-B0ED-B7602721E545}.Analysis (Debug)|Any CPU.ActiveCfg = Analysis (Debug)|Any CPU
		{AC9A74DF-4AAB-43C8-B0ED-B7602721E545}.Analysis (Debug)|Any CPU.Build.0 = Analysis (Debug)|Any CPU
		{AC9A74DF-4AAB-43C8-B0ED-B7602721E545}.Debug and Contracts|Any CPU.ActiveCfg = Debug and Contracts|Any CPU
		{AC9A74DF-4AAB-43C8-B0ED-B7602721E545}.Debug and Contracts|Any CPU.Build.0 = Debug and Contracts|Any CPU
		{AC9A74DF-4AAB-43C8-B0ED-B7602721E545}.Debug|Any CPU.ActiveCfg = Debug|Any CPU
		{AC9A74DF-4AAB-43C8-B0ED-B7602721E545}.Debug|Any CPU.Build.0 = Debug|Any CPU
		{AC9A74DF-4AAB-43C8-B0ED-B7602721E545}.Release|Any CPU.ActiveCfg = Release|Any CPU
		{AC9A74DF-4AAB-43C8-B0ED-B7602721E545}.Release|Any CPU.Build.0 = Release|Any CPU
		{9A1D2998-99AA-44CC-AFE6-4E784B641E6B}.Analysis (Debug)|Any CPU.ActiveCfg = Debug|Any CPU
		{9A1D2998-99AA-44CC-AFE6-4E784B641E6B}.Analysis (Debug)|Any CPU.Build.0 = Debug|Any CPU
		{9A1D2998-99AA-44CC-AFE6-4E784B641E6B}.Debug and Contracts|Any CPU.ActiveCfg = Debug|Any CPU
		{9A1D2998-99AA-44CC-AFE6-4E784B641E6B}.Debug and Contracts|Any CPU.Build.0 = Debug|Any CPU
		{9A1D2998-99AA-44CC-AFE6-4E784B641E6B}.Debug|Any CPU.ActiveCfg = Debug|Any CPU
		{9A1D2998-99AA-44CC-AFE6-4E784B641E6B}.Debug|Any CPU.Build.0 = Debug|Any CPU
		{9A1D2998-99AA-44CC-AFE6-4E784B641E6B}.Release|Any CPU.ActiveCfg = Release|Any CPU
		{9A1D2998-99AA-44CC-AFE6-4E784B641E6B}.Release|Any CPU.Build.0 = Release|Any CPU
		{ED29CA6E-9F3C-4F52-BDB9-71CF6897BEC9}.Analysis (Debug)|Any CPU.ActiveCfg = Debug|Any CPU
		{ED29CA6E-9F3C-4F52-BDB9-71CF6897BEC9}.Analysis (Debug)|Any CPU.Build.0 = Debug|Any CPU
		{ED29CA6E-9F3C-4F52-BDB9-71CF6897BEC9}.Debug and Contracts|Any CPU.ActiveCfg = Debug|Any CPU
		{ED29CA6E-9F3C-4F52-BDB9-71CF6897BEC9}.Debug and Contracts|Any CPU.Build.0 = Debug|Any CPU
		{ED29CA6E-9F3C-4F52-BDB9-71CF6897BEC9}.Debug|Any CPU.ActiveCfg = Debug|Any CPU
		{ED29CA6E-9F3C-4F52-BDB9-71CF6897BEC9}.Debug|Any CPU.Build.0 = Debug|Any CPU
		{ED29CA6E-9F3C-4F52-BDB9-71CF6897BEC9}.Release|Any CPU.ActiveCfg = Release|Any CPU
		{ED29CA6E-9F3C-4F52-BDB9-71CF6897BEC9}.Release|Any CPU.Build.0 = Release|Any CPU
		{0BE22C84-1FCE-4DB6-8049-8F8CC768BD56}.Analysis (Debug)|Any CPU.ActiveCfg = Debug|Any CPU
		{0BE22C84-1FCE-4DB6-8049-8F8CC768BD56}.Analysis (Debug)|Any CPU.Build.0 = Debug|Any CPU
		{0BE22C84-1FCE-4DB6-8049-8F8CC768BD56}.Debug and Contracts|Any CPU.ActiveCfg = Debug|Any CPU
		{0BE22C84-1FCE-4DB6-8049-8F8CC768BD56}.Debug and Contracts|Any CPU.Build.0 = Debug|Any CPU
		{0BE22C84-1FCE-4DB6-8049-8F8CC768BD56}.Debug|Any CPU.ActiveCfg = Debug|Any CPU
		{0BE22C84-1FCE-4DB6-8049-8F8CC768BD56}.Debug|Any CPU.Build.0 = Debug|Any CPU
		{0BE22C84-1FCE-4DB6-8049-8F8CC768BD56}.Release|Any CPU.ActiveCfg = Release|Any CPU
		{0BE22C84-1FCE-4DB6-8049-8F8CC768BD56}.Release|Any CPU.Build.0 = Release|Any CPU
		{2CB6C663-7E1A-4F29-ACD4-ACA95C60F0FB}.Analysis (Debug)|Any CPU.ActiveCfg = Debug|Any CPU
		{2CB6C663-7E1A-4F29-ACD4-ACA95C60F0FB}.Analysis (Debug)|Any CPU.Build.0 = Debug|Any CPU
		{2CB6C663-7E1A-4F29-ACD4-ACA95C60F0FB}.Debug and Contracts|Any CPU.ActiveCfg = Debug|Any CPU
		{2CB6C663-7E1A-4F29-ACD4-ACA95C60F0FB}.Debug and Contracts|Any CPU.Build.0 = Debug|Any CPU
		{2CB6C663-7E1A-4F29-ACD4-ACA95C60F0FB}.Debug|Any CPU.ActiveCfg = Debug|Any CPU
		{2CB6C663-7E1A-4F29-ACD4-ACA95C60F0FB}.Debug|Any CPU.Build.0 = Debug|Any CPU
		{2CB6C663-7E1A-4F29-ACD4-ACA95C60F0FB}.Release|Any CPU.ActiveCfg = Release|Any CPU
		{2CB6C663-7E1A-4F29-ACD4-ACA95C60F0FB}.Release|Any CPU.Build.0 = Release|Any CPU
		{F8EB2760-E31D-443B-8BBF-796184DA4104}.Analysis (Debug)|Any CPU.ActiveCfg = Debug|Any CPU
		{F8EB2760-E31D-443B-8BBF-796184DA4104}.Analysis (Debug)|Any CPU.Build.0 = Debug|Any CPU
		{F8EB2760-E31D-443B-8BBF-796184DA4104}.Debug and Contracts|Any CPU.ActiveCfg = Debug|Any CPU
		{F8EB2760-E31D-443B-8BBF-796184DA4104}.Debug and Contracts|Any CPU.Build.0 = Debug|Any CPU
		{F8EB2760-E31D-443B-8BBF-796184DA4104}.Debug|Any CPU.ActiveCfg = Debug|Any CPU
		{F8EB2760-E31D-443B-8BBF-796184DA4104}.Debug|Any CPU.Build.0 = Debug|Any CPU
		{F8EB2760-E31D-443B-8BBF-796184DA4104}.Release|Any CPU.ActiveCfg = Release|Any CPU
		{F8EB2760-E31D-443B-8BBF-796184DA4104}.Release|Any CPU.Build.0 = Release|Any CPU
		{14B82805-5E79-4D5F-BB03-CB2879F3297D}.Analysis (Debug)|Any CPU.ActiveCfg = Debug|Any CPU
		{14B82805-5E79-4D5F-BB03-CB2879F3297D}.Analysis (Debug)|Any CPU.Build.0 = Debug|Any CPU
		{14B82805-5E79-4D5F-BB03-CB2879F3297D}.Debug and Contracts|Any CPU.ActiveCfg = Debug|Any CPU
		{14B82805-5E79-4D5F-BB03-CB2879F3297D}.Debug and Contracts|Any CPU.Build.0 = Debug|Any CPU
		{14B82805-5E79-4D5F-BB03-CB2879F3297D}.Debug|Any CPU.ActiveCfg = Debug|Any CPU
		{14B82805-5E79-4D5F-BB03-CB2879F3297D}.Debug|Any CPU.Build.0 = Debug|Any CPU
		{14B82805-5E79-4D5F-BB03-CB2879F3297D}.Release|Any CPU.ActiveCfg = Release|Any CPU
		{14B82805-5E79-4D5F-BB03-CB2879F3297D}.Release|Any CPU.Build.0 = Release|Any CPU
		{C2D3D2A3-F1F0-4357-AAF5-641A58509D5B}.Analysis (Debug)|Any CPU.ActiveCfg = Debug|Any CPU
		{C2D3D2A3-F1F0-4357-AAF5-641A58509D5B}.Analysis (Debug)|Any CPU.Build.0 = Debug|Any CPU
		{C2D3D2A3-F1F0-4357-AAF5-641A58509D5B}.Debug and Contracts|Any CPU.ActiveCfg = Debug|Any CPU
		{C2D3D2A3-F1F0-4357-AAF5-641A58509D5B}.Debug and Contracts|Any CPU.Build.0 = Debug|Any CPU
		{C2D3D2A3-F1F0-4357-AAF5-641A58509D5B}.Debug|Any CPU.ActiveCfg = Debug|Any CPU
		{C2D3D2A3-F1F0-4357-AAF5-641A58509D5B}.Debug|Any CPU.Build.0 = Debug|Any CPU
		{C2D3D2A3-F1F0-4357-AAF5-641A58509D5B}.Release|Any CPU.ActiveCfg = Release|Any CPU
		{C2D3D2A3-F1F0-4357-AAF5-641A58509D5B}.Release|Any CPU.Build.0 = Release|Any CPU
		{A3D6AE27-9630-4482-AD4A-5A14ADE69D8C}.Analysis (Debug)|Any CPU.ActiveCfg = Debug|Any CPU
		{A3D6AE27-9630-4482-AD4A-5A14ADE69D8C}.Analysis (Debug)|Any CPU.Build.0 = Debug|Any CPU
		{A3D6AE27-9630-4482-AD4A-5A14ADE69D8C}.Debug and Contracts|Any CPU.ActiveCfg = Debug|Any CPU
		{A3D6AE27-9630-4482-AD4A-5A14ADE69D8C}.Debug and Contracts|Any CPU.Build.0 = Debug|Any CPU
		{A3D6AE27-9630-4482-AD4A-5A14ADE69D8C}.Debug|Any CPU.ActiveCfg = Debug|Any CPU
		{A3D6AE27-9630-4482-AD4A-5A14ADE69D8C}.Debug|Any CPU.Build.0 = Debug|Any CPU
		{A3D6AE27-9630-4482-AD4A-5A14ADE69D8C}.Release|Any CPU.ActiveCfg = Release|Any CPU
		{A3D6AE27-9630-4482-AD4A-5A14ADE69D8C}.Release|Any CPU.Build.0 = Release|Any CPU
	EndGlobalSection
	GlobalSection(SolutionProperties) = preSolution
		HideSolutionNode = FALSE
	EndGlobalSection
	GlobalSection(NestedProjects) = preSolution
		{AC9A74DF-4AAB-43C8-B0ED-B7602721E545} = {8E0D18CA-76E9-47A1-8F7E-16670381010D}
		{9A1D2998-99AA-44CC-AFE6-4E784B641E6B} = {1516840A-5B1A-4A26-BB73-6572A9AF4C82}
		{ED29CA6E-9F3C-4F52-BDB9-71CF6897BEC9} = {1516840A-5B1A-4A26-BB73-6572A9AF4C82}
		{0BE22C84-1FCE-4DB6-8049-8F8CC768BD56} = {1516840A-5B1A-4A26-BB73-6572A9AF4C82}
		{F8EB2760-E31D-443B-8BBF-796184DA4104} = {1516840A-5B1A-4A26-BB73-6572A9AF4C82}
		{14B82805-5E79-4D5F-BB03-CB2879F3297D} = {1516840A-5B1A-4A26-BB73-6572A9AF4C82}
		{C2D3D2A3-F1F0-4357-AAF5-641A58509D5B} = {1516840A-5B1A-4A26-BB73-6572A9AF4C82}
		{A3D6AE27-9630-4482-AD4A-5A14ADE69D8C} = {1516840A-5B1A-4A26-BB73-6572A9AF4C82}
	EndGlobalSection
EndGlobal
